
Microsoft Visual Studio Solution File, Format Version 12.00
# Visual Studio Version 17
VisualStudioVersion = 17.2.32630.192
MinimumVisualStudioVersion = 10.0.40219.1
Project("{8BC9CEB8-8B4A-11D0-8D11-00A0C91BC942}") = "Project5", "Project5\Project5.vcxproj", "{3945D208-8114-4F33-9EF4-5A80DB6A5EEF}"
EndProject
Global
	GlobalSection(SolutionConfigurationPlatforms) = preSolution
		Debug|x64 = Debug|x64
		Debug|x86 = Debug|x86
		Release|x64 = Release|x64
		Release|x86 = Release|x86
	EndGlobalSection
	GlobalSection(ProjectConfigurationPlatforms) = postSolution
		{3945D208-8114-4F33-9EF4-5A80DB6A5EEF}.Debug|x64.ActiveCfg = Debug|x64
		{3945D208-8114-4F33-9EF4-5A80DB6A5EEF}.Debug|x64.Build.0 = Debug|x64
		{3945D208-8114-4F33-9EF4-5A80DB6A5EEF}.Debug|x86.ActiveCfg = Debug|Win32
		{3945D208-8114-4F33-9EF4-5A80DB6A5EEF}.Debug|x86.Build.0 = Debug|Win32
		{3945D208-8114-4F33-9EF4-5A80DB6A5EEF}.Release|x64.ActiveCfg = Release|x64
		{3945D208-8114-4F33-9EF4-5A80DB6A5EEF}.Release|x64.Build.0 = Release|x64
		{3945D208-8114-4F33-9EF4-5A80DB6A5EEF}.Release|x86.ActiveCfg = Release|Win32
		{3945D208-8114-4F33-9EF4-5A80DB6A5EEF}.Release|x86.Build.0 = Release|Win32
	EndGlobalSection
	GlobalSection(SolutionProperties) = preSolution
		HideSolutionNode = FALSE
	EndGlobalSection
	GlobalSection(ExtensibilityGlobals) = postSolution
		SolutionGuid = {76BD3EF7-009A-4C31-BC6E-690D65CEFC19}
	EndGlobalSection
EndGlobal
